<?xml version="1.0" encoding="utf-8"?>
<Project ToolsVersion="4.0" xmlns="http://schemas.microsoft.com/developer/msbuild/2003">
  <ItemGroup>
    <ClCompile Include="src/xppqjre.cpp" />
    <ClCompile Include="src/epeios/scljre.cpp" />
    <ClCompile Include="src/epeios/jniq.cpp" />
    <ClCompile Include="src/epeios/jre.cpp" />
    <ClCompile Include="src/epeios/jrebse.cpp" />
    <ClCompile Include="src/epeios/aem.cpp">
      <Filter>Epeios</Filter>
    </ClCompile>
    <ClCompile Include="src/epeios/ags.cpp">
      <Filter>Epeios</Filter>
    </ClCompile>
    <ClCompile Include="src/epeios/bch.cpp">
      <Filter>Epeios</Filter>
    </ClCompile>
    <ClCompile Include="src/epeios/bitbch.cpp">
      <Filter>Epeios</Filter>
    </ClCompile>
    <ClCompile Include="src/epeios/bomhdl.cpp">
      <Filter>Epeios</Filter>
    </ClCompile>
    <ClCompile Include="src/epeios/bso.cpp">
      <Filter>Epeios</Filter>
    </ClCompile>
    <ClCompile Include="src/epeios/cdgb64.cpp">
      <Filter>Epeios</Filter>
    </ClCompile>
    <ClCompile Include="src/epeios/cio.cpp">
      <Filter>Epeios</Filter>
    </ClCompile>
    <ClCompile Include="src/epeios/cpe.cpp">
      <Filter>Epeios</Filter>
    </ClCompile>
    <ClCompile Include="src/epeios/crptgr.cpp">
      <Filter>Epeios</Filter>
    </ClCompile>
    <ClCompile Include="src/epeios/crt.cpp">
      <Filter>Epeios</Filter>
    </ClCompile>
    <ClCompile Include="src/epeios/cslio.cpp">
      <Filter>Epeios</Filter>
    </ClCompile>
    <ClCompile Include="src/epeios/ctn.cpp">
      <Filter>Epeios</Filter>
    </ClCompile>
    <ClCompile Include="src/epeios/dir.cpp">
      <Filter>Epeios</Filter>
    </ClCompile>
    <ClCompile Include="src/epeios/dlbrry.cpp">
      <Filter>Epeios</Filter>
    </ClCompile>
    <ClCompile Include="src/epeios/dte.cpp">
      <Filter>Epeios</Filter>
    </ClCompile>
    <ClCompile Include="src/epeios/dtfbsc.cpp">
      <Filter>Epeios</Filter>
    </ClCompile>
    <ClCompile Include="src/epeios/dtfptb.cpp">
      <Filter>Epeios</Filter>
    </ClCompile>
    <ClCompile Include="src/epeios/epsmsc.cpp">
      <Filter>Epeios</Filter>
    </ClCompile>
    <ClCompile Include="src/epeios/err.cpp">
      <Filter>Epeios</Filter>
    </ClCompile>
    <ClCompile Include="src/epeios/fdr.cpp">
      <Filter>Epeios</Filter>
    </ClCompile>
    <ClCompile Include="src/epeios/fil.cpp">
      <Filter>Epeios</Filter>
    </ClCompile>
    <ClCompile Include="src/epeios/flf.cpp">
      <Filter>Epeios</Filter>
    </ClCompile>
    <ClCompile Include="src/epeios/flsq.cpp">
      <Filter>Epeios</Filter>
    </ClCompile>
    <ClCompile Include="src/epeios/flw.cpp">
      <Filter>Epeios</Filter>
    </ClCompile>
    <ClCompile Include="src/epeios/flx.cpp">
      <Filter>Epeios</Filter>
    </ClCompile>
    <ClCompile Include="src/epeios/fnm.cpp">
      <Filter>Epeios</Filter>
    </ClCompile>
    <ClCompile Include="src/epeios/ias.cpp">
      <Filter>Epeios</Filter>
    </ClCompile>
    <ClCompile Include="src/epeios/idsq.cpp">
      <Filter>Epeios</Filter>
    </ClCompile>
    <ClCompile Include="src/epeios/iof.cpp">
      <Filter>Epeios</Filter>
    </ClCompile>
    <ClCompile Include="src/epeios/iop.cpp">
      <Filter>Epeios</Filter>
    </ClCompile>
    <ClCompile Include="src/epeios/lck.cpp">
      <Filter>Epeios</Filter>
    </ClCompile>
    <ClCompile Include="src/epeios/lcl.cpp">
      <Filter>Epeios</Filter>
    </ClCompile>
    <ClCompile Include="src/epeios/llio.cpp">
      <Filter>Epeios</Filter>
    </ClCompile>
    <ClCompile Include="src/epeios/lst.cpp">
      <Filter>Epeios</Filter>
    </ClCompile>
    <ClCompile Include="src/epeios/lstbch.cpp">
      <Filter>Epeios</Filter>
    </ClCompile>
    <ClCompile Include="src/epeios/lstcrt.cpp">
      <Filter>Epeios</Filter>
    </ClCompile>
    <ClCompile Include="src/epeios/lstctn.cpp">
      <Filter>Epeios</Filter>
    </ClCompile>
    <ClCompile Include="src/epeios/mns.cpp">
      <Filter>Epeios</Filter>
    </ClCompile>
    <ClCompile Include="src/epeios/mtk.cpp">
      <Filter>Epeios</Filter>
    </ClCompile>
    <ClCompile Include="src/epeios/mtx.cpp">
      <Filter>Epeios</Filter>
    </ClCompile>
    <ClCompile Include="src/epeios/ntvstr.cpp">
      <Filter>Epeios</Filter>
    </ClCompile>
    <ClCompile Include="src/epeios/plgn.cpp">
      <Filter>Epeios</Filter>
    </ClCompile>
    <ClCompile Include="src/epeios/plgncore.cpp">
      <Filter>Epeios</Filter>
    </ClCompile>
    <ClCompile Include="src/epeios/que.cpp">
      <Filter>Epeios</Filter>
    </ClCompile>
    <ClCompile Include="src/epeios/rgstry.cpp">
      <Filter>Epeios</Filter>
    </ClCompile>
    <ClCompile Include="src/epeios/sclargmnt.cpp">
      <Filter>Epeios</Filter>
    </ClCompile>
    <ClCompile Include="src/epeios/sclerror.cpp">
      <Filter>Epeios</Filter>
    </ClCompile>
    <ClCompile Include="src/epeios/scllocale.cpp">
      <Filter>Epeios</Filter>
    </ClCompile>
    <ClCompile Include="src/epeios/sclmisc.cpp">
      <Filter>Epeios</Filter>
    </ClCompile>
    <ClCompile Include="src/epeios/sclrgstry.cpp">
      <Filter>Epeios</Filter>
    </ClCompile>
    <ClCompile Include="src/epeios/sdr.cpp">
      <Filter>Epeios</Filter>
    </ClCompile>
    <ClCompile Include="src/epeios/stkbch.cpp">
      <Filter>Epeios</Filter>
    </ClCompile>
    <ClCompile Include="src/epeios/stkbse.cpp">
      <Filter>Epeios</Filter>
    </ClCompile>
    <ClCompile Include="src/epeios/stkctn.cpp">
      <Filter>Epeios</Filter>
    </ClCompile>
    <ClCompile Include="src/epeios/str.cpp">
      <Filter>Epeios</Filter>
    </ClCompile>
    <ClCompile Include="src/epeios/strng.cpp">
      <Filter>Epeios</Filter>
    </ClCompile>
    <ClCompile Include="src/epeios/stsfsm.cpp">
      <Filter>Epeios</Filter>
    </ClCompile>
    <ClCompile Include="src/epeios/tagsbs.cpp">
      <Filter>Epeios</Filter>
    </ClCompile>
    <ClCompile Include="src/epeios/tht.cpp">
      <Filter>Epeios</Filter>
    </ClCompile>
    <ClCompile Include="src/epeios/thtsub.cpp">
      <Filter>Epeios</Filter>
    </ClCompile>
    <ClCompile Include="src/epeios/tol.cpp">
      <Filter>Epeios</Filter>
    </ClCompile>
    <ClCompile Include="src/epeios/txf.cpp">
      <Filter>Epeios</Filter>
    </ClCompile>
    <ClCompile Include="src/epeios/tys.cpp">
      <Filter>Epeios</Filter>
    </ClCompile>
    <ClCompile Include="src/epeios/utf.cpp">
      <Filter>Epeios</Filter>
    </ClCompile>
    <ClCompile Include="src/epeios/uys.cpp">
      <Filter>Epeios</Filter>
    </ClCompile>
    <ClCompile Include="src/epeios/wllio.cpp">
      <Filter>Epeios</Filter>
    </ClCompile>
    <ClCompile Include="src/epeios/xml.cpp">
      <Filter>Epeios</Filter>
    </ClCompile>
    <ClCompile Include="src/epeios/xpp.cpp">
      <Filter>Epeios</Filter>
    </ClCompile>
    <ClCompile Include="src/epeios/xtf.cpp">
      <Filter>Epeios</Filter>
    </ClCompile>
  </ItemGroup>
  <ItemGroup>
    <Filter Include="Epeios">
      <UniqueIdentifier>{0da3676d-8e77-41b5-82e0-dc2e676b97e8}</UniqueIdentifier>
    </Filter>
  </ItemGroup>
</Project>